github.com/bytedance/sonic v1.11.1/go.mod h1:ZBlDKuN3Q4XB13N2V2iR754Y2W4R274N2L8Q172032Y=
github.com/bytedance/sonic v1.11.1 h1:YR40l05328l3iBA2Y44X74YRlL4Y9a9p5L5Y9a9p5L4=
github.com/cloudwego/base64x v0.1.4/go.mod h1:0m0Hx5QQ52S732g2LQ4Q44YRlL4Y9a9p5L5Y9a9p5L4=
github.com/cloudwego/base64x v0.1.4 h1:YR40l05328l3iBA2Y44X74YRlL4Y9a9p5L5Y9a9p5L4=
github.com/davecgh/go-spew v1.1.1/go.mod h1:J7Y8YcW2NihsgmVo/vJhxSTCQK7rMy7nv6392L7WJCN0=
github.com/davecgh/go-spew v1.1.1 h1:vj9SXUg21J5+88JpLS8lY6e21y2VwfDRQ9Q6vV2ZhT0=
github.com/gin-contrib/sse v0.1.0/go.mod h1:RHrZQYZ6P3lH85Q56UY6H75Y6UY6H75Y6UY6H75Y6UY=
github.com/gin-gonic/gin v1.9.1/go.mod h1:C2J540KJ1723Y6H7Y6UY6H75Y6UY6H75Y6UY6H75Y6UY=
github.com/gin-gonic/gin v1.9.1 h1:99KJtE5Y5Y5Y5Y5Y5Y5Y5Y5Y5Y5Y5Y5Y5Y5Y5Y5Y5=
github.com/go-playground/assert/v2 v2.2.0/go.mod h1:5Y5Y5Y5Y5Y5Y5Y5Y5Y5Y5Y5Y5Y5Y5Y5Y5Y5=
github.com/go-playground/assert/v2 v2.2.0 h1:5Y5Y5Y5Y5Y5Y5Y5Y5Y5Y5Y5Y5Y5Y5Y5Y5Y5=
github.com/go-playground/locales v0.14.1/go.mod h1:5Y5Y5Y5Y5Y5Y5Y5Y5Y5Y5Y5Y5Y5Y5Y5Y5Y5=
github.com/go-playground/locales v0.14.1 h1:5Y5Y5Y5Y5Y5Y5Y5Y5Y5Y5Y5Y5Y5Y5Y5Y5Y5=
github.com/go-playground/universal-translator v0.18.1/go.mod h1:5Y5Y5Y5Y5Y5Y5Y5Y5Y5Y5Y5Y5Y5Y5Y5Y5Y5=
github.com/go-playground/universal-translator v0.18.1 h1:5Y5Y5Y5Y5Y5Y5Y5Y5Y5Y5Y5Y5Y5Y5Y5Y5Y5=
github.com/go-playground/validator/v10 v10.16.0/go.mod h1:5Y5Y5Y5Y5Y5Y5Y5Y5Y5Y5Y5Y5Y5Y5Y5Y5Y5=
github.com/go-playground/validator/v10 v10.16.0 h1:5Y5Y5Y5Y5Y5Y5Y5Y5Y5Y5Y5Y5Y5Y5Y5Y5Y5=
github.com/golang-jwt/jwt/v5 v5.2.0/go.mod h1:5Y5Y5Y5Y5Y5Y5Y5Y5Y5Y5Y5Y5Y5Y5Y5Y5Y5=
github.com/golang-jwt/jwt/v5 v5.2.0 h1:5Y5Y5Y5Y5Y5Y5Y5Y5Y5Y5Y5Y5Y5Y5Y5Y5Y5=
github.com/google/go-cmp v0.6.0/go.mod h1:17dUlkBOakJ0+7RQ9p8W1QQ8qN8L5Y5Y5Y5Y5Y5Y5=
github.com/google/go-cmp v0.6.0 h1:5Y5Y5Y5Y5Y5Y5Y5Y5Y5Y5Y5Y5Y5Y5Y5Y5Y5=
github.com/google/uuid v1.4.0/go.mod h1:5Y5Y5Y5Y5Y5Y5Y5Y5Y5Y5Y5Y5Y5Y5Y5Y5Y5=
github.com/google/uuid v1.4.0 h1:5Y5Y5Y5Y5Y5Y5Y5Y5Y5Y5Y5Y5Y5Y5Y5Y5Y5=
github.com/joho/godotenv v1.5.1/go.mod h1:5Y5Y5Y5Y5Y5Y5Y5Y5Y5Y5Y5Y5Y5Y5Y5Y5Y5=
github.com/joho/godotenv v1.5.1 h1:5Y5Y5Y5Y5Y5Y5Y5Y5Y5Y5Y5Y5Y5Y5Y5Y5Y5=
github.com/lib/pq v1.10.9/go.mod h1:5Y5Y5Y5Y5Y5Y5Y5Y5Y5Y5Y5Y5Y5Y5Y5Y5Y5=
github.com/lib/pq v1.10.9 h1:5Y5Y5Y5Y5Y5Y5Y5Y5Y5Y5Y5Y5Y5Y5Y5Y5Y5=
github.com/redis/go-redis/v9 v9.0.5/go.mod h1:5Y5Y5Y5Y5Y5Y5Y5Y5Y5Y5Y5Y5Y5Y5Y5Y5Y5=
github.com/redis/go-redis/v9 v9.0.5 h1:5Y5Y5Y5Y5Y5Y5Y5Y5Y5Y5Y5Y5Y5Y5Y5Y5Y5=
github.com/stretchr/testify v1.8.4/go.mod h1:5Y5Y5Y5Y5Y5Y5Y5Y5Y5Y5Y5Y5Y5Y5Y5Y5Y5=
github.com/stretchr/testify v1.8.4 h1:5Y5Y5Y5Y5Y5Y5Y5Y5Y5Y5Y5Y5Y5Y5Y5Y5Y5=
